
Microsoft Visual Studio Solution File, Format Version 12.00
# Visual Studio 15
VisualStudioVersion = 15.0.27703.2026
MinimumVisualStudioVersion = 10.0.40219.1
Project("{FAE04EC0-301F-11D3-BF4B-00C04F79EFBC}") = "BCC myself OutlookAddIn", "BCC myself OutlookAddIn\BCC myself OutlookAddIn.csproj", "{0C11B276-3259-4B54-BF73-EC0B67DFC762}"
EndProject
Global
	GlobalSection(SolutionConfigurationPlatforms) = preSolution
		Debug|Any CPU = Debug|Any CPU
		Release|Any CPU = Release|Any CPU
	EndGlobalSection
	GlobalSection(ProjectConfigurationPlatforms) = postSolution
		{0C11B276-3259-4B54-BF73-EC0B67DFC762}.Debug|Any CPU.ActiveCfg = Debug|Any CPU
		{0C11B276-3259-4B54-BF73-EC0B67DFC762}.Debug|Any CPU.Build.0 = Debug|Any CPU
		{0C11B276-3259-4B54-BF73-EC0B67DFC762}.Release|Any CPU.ActiveCfg = Release|Any CPU
		{0C11B276-3259-4B54-BF73-EC0B67DFC762}.Release|Any CPU.Build.0 = Release|Any CPU
	EndGlobalSection
	GlobalSection(SolutionProperties) = preSolution
		HideSolutionNode = FALSE
	EndGlobalSection
	GlobalSection(ExtensibilityGlobals) = postSolution
		SolutionGuid = {116B071C-18AE-455D-BDEB-C7FC2C40BD61}
	EndGlobalSection
EndGlobal
